{
  "version": 4,
  "terraform_version": "1.3.7",
  "serial": 43,
  "lineage": "559a5243-6770-671e-dd07-34c7c43c40a9",
  "outputs": {
    "k8s-worker_auto_scaling_group_id": {
      "value": "user23-K8S Worker",
      "type": "string"
    },
    "k8s-worker_launch_template_id": {
      "value": "lt-038b4e87676683d3f",
      "type": "string"
    },
    "k8s_security_group_id": {
      "value": "sg-04887a6303c4d6bdc",
      "type": "string"
    },
    "private_subnet_ids": {
      "value": [
        "subnet-05bbccaec0637ab02",
        "subnet-0f53beb783d3e2f19"
      ],
      "type": [
        "tuple",
        [
          "string",
          "string"
        ]
      ]
    },
    "public_subnet_ids": {
      "value": "subnet-0dad410b714580327",
      "type": "string"
    },
    "vpc_cidr_block": {
      "value": "10.23.0.0/16",
      "type": "string"
    },
    "vpc_id": {
      "value": "vpc-0b3168f71e0d09bea",
      "type": "string"
    }
  },
  "resources": [
    {
      "mode": "data",
      "type": "aws_ami",
      "name": "ubuntu",
      "provider": "provider[\"registry.terraform.io/hashicorp/aws\"]",
      "instances": [
        {
          "schema_version": 0,
          "attributes": {
            "architecture": "x86_64",
            "arn": "arn:aws:ec2:ap-northeast-2::image/ami-051d287d02a19035f",
            "block_device_mappings": [
              {
                "device_name": "/dev/sda1",
                "ebs": {
                  "delete_on_termination": "true",
                  "encrypted": "false",
                  "iops": "0",
                  "snapshot_id": "snap-0c641bd44d4a9024d",
                  "throughput": "0",
                  "volume_size": "8",
                  "volume_type": "gp2"
                },
                "no_device": "",
                "virtual_name": ""
              },
              {
                "device_name": "/dev/sdb",
                "ebs": {},
                "no_device": "",
                "virtual_name": "ephemeral0"
              },
              {
                "device_name": "/dev/sdc",
                "ebs": {},
                "no_device": "",
                "virtual_name": "ephemeral1"
              }
            ],
            "boot_mode": "",
            "creation_date": "2023-01-13T19:22:04.000Z",
            "deprecation_time": "2025-01-13T19:22:04.000Z",
            "description": "Canonical, Ubuntu, 20.04 LTS, amd64 focal image build on 2023-01-12",
            "ena_support": true,
            "executable_users": null,
            "filter": [
              {
                "name": "name",
                "values": [
                  "ubuntu/images/hvm-ssd/ubuntu-focal-20.04-amd64-server-*"
                ]
              },
              {
                "name": "virtualization-type",
                "values": [
                  "hvm"
                ]
              }
            ],
            "hypervisor": "xen",
            "id": "ami-051d287d02a19035f",
            "image_id": "ami-051d287d02a19035f",
            "image_location": "amazon/ubuntu/images/hvm-ssd/ubuntu-focal-20.04-amd64-server-20230112",
            "image_owner_alias": "amazon",
            "image_type": "machine",
            "imds_support": "",
            "include_deprecated": false,
            "kernel_id": "",
            "most_recent": true,
            "name": "ubuntu/images/hvm-ssd/ubuntu-focal-20.04-amd64-server-20230112",
            "name_regex": null,
            "owner_id": "099720109477",
            "owners": [
              "099720109477"
            ],
            "platform": "",
            "platform_details": "Linux/UNIX",
            "product_codes": [],
            "public": true,
            "ramdisk_id": "",
            "root_device_name": "/dev/sda1",
            "root_device_type": "ebs",
            "root_snapshot_id": "snap-0c641bd44d4a9024d",
            "sriov_net_support": "simple",
            "state": "available",
            "state_reason": {
              "code": "UNSET",
              "message": "UNSET"
            },
            "tags": {},
            "timeouts": null,
            "tpm_support": "",
            "usage_operation": "RunInstances",
            "virtualization_type": "hvm"
          },
          "sensitive_attributes": []
        }
      ]
    },
    {
      "module": "module.auto_scaling_group",
      "mode": "managed",
      "type": "aws_autoscaling_group",
      "name": "k8s-worker",
      "provider": "provider[\"registry.terraform.io/hashicorp/aws\"]",
      "instances": [
        {
          "schema_version": 0,
          "attributes": {
            "arn": "arn:aws:autoscaling:ap-northeast-2:128215741576:autoScalingGroup:74c0602c-6d81-4934-8d7a-409047ab499f:autoScalingGroupName/user23-K8S Worker",
            "availability_zones": [
              "ap-northeast-2b",
              "ap-northeast-2c"
            ],
            "capacity_rebalance": false,
            "context": "",
            "default_cooldown": 300,
            "default_instance_warmup": 0,
            "desired_capacity": 2,
            "desired_capacity_type": "",
            "enabled_metrics": null,
            "force_delete": false,
            "force_delete_warm_pool": false,
            "health_check_grace_period": 300,
            "health_check_type": "EC2",
            "id": "user23-K8S Worker",
            "initial_lifecycle_hook": [],
            "instance_refresh": [],
            "launch_configuration": "",
            "launch_template": [
              {
                "id": "lt-038b4e87676683d3f",
                "name": "user23-K8S-Worker",
                "version": "$Default"
              }
            ],
            "load_balancers": null,
            "max_instance_lifetime": 0,
            "max_size": 3,
            "metrics_granularity": "1Minute",
            "min_elb_capacity": null,
            "min_size": 1,
            "mixed_instances_policy": [],
            "name": "user23-K8S Worker",
            "name_prefix": "",
            "placement_group": "",
            "protect_from_scale_in": false,
            "service_linked_role_arn": "arn:aws:iam::128215741576:role/aws-service-role/autoscaling.amazonaws.com/AWSServiceRoleForAutoScaling",
            "suspended_processes": null,
            "tag": [],
            "tags": null,
            "target_group_arns": null,
            "termination_policies": null,
            "timeouts": null,
            "vpc_zone_identifier": [
              "subnet-05bbccaec0637ab02",
              "subnet-0f53beb783d3e2f19"
            ],
            "wait_for_capacity_timeout": "10m",
            "wait_for_elb_capacity": null,
            "warm_pool": []
          },
          "sensitive_attributes": [],
          "private": "eyJlMmJmYjczMC1lY2FhLTExZTYtOGY4OC0zNDM2M2JjN2M0YzAiOnsiZGVsZXRlIjo2MDAwMDAwMDAwMDAsInVwZGF0ZSI6NjAwMDAwMDAwMDAwfX0=",
          "dependencies": [
            "module.auto_scaling_group.aws_launch_template.k8s-worker",
            "module.vpc.aws_eip.this",
            "module.vpc.aws_nat_gateway.this",
            "module.vpc.aws_route.nat_gateway",
            "module.vpc.aws_route_table.private",
            "module.vpc.aws_route_table_association.private",
            "module.vpc.aws_security_group.k8s-worker",
            "module.vpc.aws_security_group_rule.SSH_access_ingress",
            "module.vpc.aws_security_group_rule.k8s_access_ingress",
            "module.vpc.aws_subnet.private"
          ]
        }
      ]
    },
    {
      "module": "module.auto_scaling_group",
      "mode": "managed",
      "type": "aws_autoscaling_policy",
      "name": "k8s-policy",
      "provider": "provider[\"registry.terraform.io/hashicorp/aws\"]",
      "instances": [
        {
          "schema_version": 0,
          "attributes": {
            "adjustment_type": "",
            "arn": "arn:aws:autoscaling:ap-northeast-2:128215741576:scalingPolicy:ab8898b6-9442-4410-b0ec-e646160ad0a3:autoScalingGroupName/user23-K8S Worker:policyName/user23-k8s-policy",
            "autoscaling_group_name": "user23-K8S Worker",
            "cooldown": 0,
            "enabled": true,
            "estimated_instance_warmup": 0,
            "id": "user23-k8s-policy",
            "metric_aggregation_type": "",
            "min_adjustment_magnitude": null,
            "name": "user23-k8s-policy",
            "policy_type": "TargetTrackingScaling",
            "predictive_scaling_configuration": [],
            "scaling_adjustment": 0,
            "step_adjustment": [],
            "target_tracking_configuration": [
              {
                "customized_metric_specification": [],
                "disable_scale_in": false,
                "predefined_metric_specification": [
                  {
                    "predefined_metric_type": "ASGAverageCPUUtilization",
                    "resource_label": ""
                  }
                ],
                "target_value": 20
              }
            ]
          },
          "sensitive_attributes": [],
          "private": "bnVsbA==",
          "dependencies": [
            "module.auto_scaling_group.aws_autoscaling_group.k8s-worker",
            "module.auto_scaling_group.aws_launch_template.k8s-worker",
            "module.vpc.aws_eip.this",
            "module.vpc.aws_nat_gateway.this",
            "module.vpc.aws_route.nat_gateway",
            "module.vpc.aws_route_table.private",
            "module.vpc.aws_route_table_association.private",
            "module.vpc.aws_security_group.k8s-worker",
            "module.vpc.aws_security_group_rule.SSH_access_ingress",
            "module.vpc.aws_security_group_rule.k8s_access_ingress",
            "module.vpc.aws_subnet.private"
          ]
        }
      ]
    },
    {
      "module": "module.auto_scaling_group",
      "mode": "managed",
      "type": "aws_launch_template",
      "name": "k8s-worker",
      "provider": "provider[\"registry.terraform.io/hashicorp/aws\"]",
      "instances": [
        {
          "schema_version": 0,
          "attributes": {
            "arn": "arn:aws:ec2:ap-northeast-2:128215741576:launch-template/lt-038b4e87676683d3f",
            "block_device_mappings": [
              {
                "device_name": "/dev/sdb",
                "ebs": [
                  {
                    "delete_on_termination": "true",
                    "encrypted": "",
                    "iops": 0,
                    "kms_key_id": "",
                    "snapshot_id": "snap-06b3bf8100047baf0",
                    "throughput": 0,
                    "volume_size": 10,
                    "volume_type": "gp3"
                  }
                ],
                "no_device": "",
                "virtual_name": ""
              }
            ],
            "capacity_reservation_specification": [],
            "cpu_options": [],
            "credit_specification": [],
            "default_version": 1,
            "description": "",
            "disable_api_stop": false,
            "disable_api_termination": false,
            "ebs_optimized": "",
            "elastic_gpu_specifications": [],
            "elastic_inference_accelerator": [],
            "enclave_options": [],
            "hibernation_options": [],
            "iam_instance_profile": [],
            "id": "lt-038b4e87676683d3f",
            "image_id": "ami-01e8dbde0a2178fa9",
            "instance_initiated_shutdown_behavior": "",
            "instance_market_options": [],
            "instance_requirements": [],
            "instance_type": "t3.medium",
            "kernel_id": "",
            "key_name": "user23-key",
            "latest_version": 1,
            "license_specification": [],
            "maintenance_options": [],
            "metadata_options": [],
            "monitoring": [],
            "name": "user23-K8S-Worker",
            "name_prefix": "",
            "network_interfaces": [],
            "placement": [],
            "private_dns_name_options": [],
            "ram_disk_id": "",
            "security_group_names": null,
            "tag_specifications": [
              {
                "resource_type": "instance",
                "tags": {
                  "Name": "user23-K8S Worker"
                }
              }
            ],
            "tags": null,
            "tags_all": {},
            "update_default_version": null,
            "user_data": "IyEvYmluL2Jhc2gKCnN3YXBvZmYgLWEKc3VkbyBzZWQgLWkgJy8gc3dhcCAvIHMvXi8jLycgL2V0Yy9mc3RhYgoKc3VkbyB1ZncgZGlzYWJsZQoKYXB0LWdldCBpbnN0YWxsIC15IGN1cmwgZ251cGcKCmNhdCA8PEVPRiB8IHN1ZG8gdGVlIC9ldGMvbW9kdWxlcy1sb2FkLmQvazhzLmNvbmYKb3ZlcmxheQpicl9uZXRmaWx0ZXIKRU9GCnN1ZG8gbW9kcHJvYmUgb3ZlcmxheQpzdWRvIG1vZHByb2JlIGJyX25ldGZpbHRlcgpjYXQgPDxFT0YgfCBzdWRvIHRlZSAvZXRjL3N5c2N0bC5kL2s4cy5jb25mCm5ldC5icmlkZ2UuYnJpZGdlLW5mLWNhbGwtaXB0YWJsZXMgID0gMQpuZXQuYnJpZGdlLmJyaWRnZS1uZi1jYWxsLWlwNnRhYmxlcyA9IDEKbmV0LmlwdjQuaXBfZm9yd2FyZCAgICAgICAgICAgICAgICAgPSAxCkVPRgpzdWRvIHN5c2N0bCAtLXN5c3RlbQoKZXhwb3J0IE9TPXhVYnVudHVfMTguMDQKZXhwb3J0IFZFUlNJT049MS4yNAoKY2F0IDw8RU9GIHwgc3VkbyB0ZWUgL2V0Yy9hcHQvc291cmNlcy5saXN0LmQvZGV2ZWw6a3ViaWM6bGliY29udGFpbmVyczpzdGFibGUubGlzdApkZWIgaHR0cHM6Ly9kb3dubG9hZC5vcGVuc3VzZS5vcmcvcmVwb3NpdG9yaWVzL2RldmVsOi9rdWJpYzovbGliY29udGFpbmVyczovc3RhYmxlLyRPUy8gLwpFT0YKY2F0IDw8RU9GIHwgc3VkbyB0ZWUgL2V0Yy9hcHQvc291cmNlcy5saXN0LmQvZGV2ZWw6a3ViaWM6bGliY29udGFpbmVyczpzdGFibGU6Y3JpLW86JFZFUlNJT04ubGlzdApkZWIgaHR0cDovL2Rvd25sb2FkLm9wZW5zdXNlLm9yZy9yZXBvc2l0b3JpZXMvZGV2ZWw6L2t1YmljOi9saWJjb250YWluZXJzOi9zdGFibGU6L2NyaS1vOi8kVkVSU0lPTi8kT1MvIC8KRU9GCgpjdXJsIC1MIGh0dHBzOi8vZG93bmxvYWQub3BlbnN1c2Uub3JnL3JlcG9zaXRvcmllcy9kZXZlbDova3ViaWM6L2xpYmNvbnRhaW5lcnM6L3N0YWJsZS8kT1MvUmVsZWFzZS5rZXkgfCBzdWRvIGFwdC1rZXkg4oCTa2V5cmluZyAvZXRjL2FwdC90cnVzdGVkLmdwZy5kL2xpYmNvbnRhaW5lcnMuZ3BnIGFkZCAtCmN1cmwgLUwgaHR0cHM6Ly9kb3dubG9hZC5vcGVuc3VzZS5vcmcvcmVwb3NpdG9yaWVzL2RldmVsOmt1YmljOmxpYmNvbnRhaW5lcnM6c3RhYmxlOmNyaS1vOiRWRVJTSU9OLyRPUy9SZWxlYXNlLmtleSB8IHN1ZG8gYXB0LWtleSAtLWtleXJpbmcgL2V0Yy9hcHQvdHJ1c3RlZC5ncGcuZC9saWJjb250YWluZXJzLWNyaS1vLmdwZyBhZGQgLQoKYXB0LWdldCAteSB1cGRhdGUKYXB0LWdldCBpbnN0YWxsIC15IGNyaS1vIGNyaS1vLXJ1bmMKCnN5c3RlbWN0bCBkYWVtb24tcmVsb2FkCnN5c3RlbWN0bCBlbmFibGUgY3JpbyAtLW5vdwoKc3VkbyBhcHQtZ2V0IHVwZGF0ZQpzdWRvIGFwdC1nZXQgaW5zdGFsbCAteSBhcHQtdHJhbnNwb3J0LWh0dHBzIGNhLWNlcnRpZmljYXRlcyBjdXJsCgpzdWRvIGN1cmwgLWZzU0xvIC91c3Ivc2hhcmUva2V5cmluZ3Mva3ViZXJuZXRlcy1hcmNoaXZlLWtleXJpbmcuZ3BnIGh0dHBzOi8vcGFja2FnZXMuY2xvdWQuZ29vZ2xlLmNvbS9hcHQvZG9jL2FwdC1rZXkuZ3BnCgplY2hvICJkZWIgW3NpZ25lZC1ieT0vdXNyL3NoYXJlL2tleXJpbmdzL2t1YmVybmV0ZXMtYXJjaGl2ZS1rZXlyaW5nLmdwZ10gaHR0cHM6Ly9hcHQua3ViZXJuZXRlcy5pby8ga3ViZXJuZXRlcy14ZW5pYWwgbWFpbiIgfCBzdWRvIHRlZSAvZXRjL2FwdC9zb3VyY2VzLmxpc3QuZC9rdWJlcm5ldGVzLmxpc3QKCnN1ZG8gYXB0LWdldCB1cGRhdGUKc3VkbyBhcHQtZ2V0IGluc3RhbGwgLXkga3ViZWxldCBrdWJlYWRtIGt1YmVjdGwKc3VkbyBhcHQtbWFyayBob2xkIGt1YmVsZXQga3ViZWFkbSBrdWJlY3RsCnN5c3RlbWN0bCBlbmFibGUgLS1ub3cga3ViZWxldAoKa3ViZWFkbSBqb2luIDEwLjIzLjEuMjI5OjY0NDMgLS10b2tlbiAyaHgyeG4ucDlhaWZwNjVvMW1lY3NlcSAtLWRpc2NvdmVyeS10b2tlbi1jYS1jZXJ0LWhhc2ggc2hhMjU2OjFjMzAwODM2ZmZjOGJjZWM4MGNiMDA2YjNkNDgwNzAxM2YxYTA3M2VkMzM5YmFjMzU5NGEyNmMyM2EwNmNmOWQgCg==",
            "vpc_security_group_ids": [
              "sg-04887a6303c4d6bdc"
            ]
          },
          "sensitive_attributes": [],
          "private": "bnVsbA==",
          "dependencies": [
            "module.vpc.aws_eip.this",
            "module.vpc.aws_nat_gateway.this",
            "module.vpc.aws_route.nat_gateway",
            "module.vpc.aws_route_table.private",
            "module.vpc.aws_route_table_association.private",
            "module.vpc.aws_security_group.k8s-worker",
            "module.vpc.aws_security_group_rule.SSH_access_ingress",
            "module.vpc.aws_security_group_rule.k8s_access_ingress",
            "module.vpc.aws_subnet.private"
          ]
        }
      ]
    },
    {
      "module": "module.vpc",
      "mode": "managed",
      "type": "aws_eip",
      "name": "this",
      "provider": "provider[\"registry.terraform.io/hashicorp/aws\"]",
      "instances": [
        {
          "schema_version": 0,
          "attributes": {
            "address": null,
            "allocation_id": "eipalloc-0bba3c2a609baba53",
            "associate_with_private_ip": null,
            "association_id": "",
            "carrier_ip": "",
            "customer_owned_ip": "",
            "customer_owned_ipv4_pool": "",
            "domain": "vpc",
            "id": "eipalloc-0bba3c2a609baba53",
            "instance": "",
            "network_border_group": "ap-northeast-2",
            "network_interface": "",
            "private_dns": null,
            "private_ip": "",
            "public_dns": "ec2-3-34-66-18.ap-northeast-2.compute.amazonaws.com",
            "public_ip": "3.34.66.18",
            "public_ipv4_pool": "amazon",
            "tags": null,
            "tags_all": {},
            "timeouts": null,
            "vpc": true
          },
          "sensitive_attributes": [],
          "private": "eyJlMmJmYjczMC1lY2FhLTExZTYtOGY4OC0zNDM2M2JjN2M0YzAiOnsiZGVsZXRlIjoxODAwMDAwMDAwMDAsInJlYWQiOjkwMDAwMDAwMDAwMCwidXBkYXRlIjozMDAwMDAwMDAwMDB9fQ=="
        }
      ]
    },
    {
      "module": "module.vpc",
      "mode": "managed",
      "type": "aws_nat_gateway",
      "name": "this",
      "provider": "provider[\"registry.terraform.io/hashicorp/aws\"]",
      "instances": [
        {
          "schema_version": 0,
          "attributes": {
            "allocation_id": "eipalloc-0bba3c2a609baba53",
            "connectivity_type": "public",
            "id": "nat-0d55202ac8e8b4b43",
            "network_interface_id": "eni-0527aa1252ddf2385",
            "private_ip": "10.23.1.82",
            "public_ip": "3.34.66.18",
            "subnet_id": "subnet-0fa7895284ed4c827",
            "tags": {
              "Name": "user23-nat"
            },
            "tags_all": {
              "Name": "user23-nat"
            }
          },
          "sensitive_attributes": [],
          "private": "bnVsbA==",
          "dependencies": [
            "module.vpc.aws_eip.this"
          ]
        }
      ]
    },
    {
      "module": "module.vpc",
      "mode": "managed",
      "type": "aws_route",
      "name": "nat_gateway",
      "provider": "provider[\"registry.terraform.io/hashicorp/aws\"]",
      "instances": [
        {
          "schema_version": 0,
          "attributes": {
            "carrier_gateway_id": "",
            "core_network_arn": "",
            "destination_cidr_block": "0.0.0.0/0",
            "destination_ipv6_cidr_block": "",
            "destination_prefix_list_id": "",
            "egress_only_gateway_id": "",
            "gateway_id": "",
            "id": "r-rtb-0b4464620b99d4ae31080289494",
            "instance_id": "",
            "instance_owner_id": "",
            "local_gateway_id": "",
            "nat_gateway_id": "nat-0d55202ac8e8b4b43",
            "network_interface_id": "",
            "origin": "CreateRoute",
            "route_table_id": "rtb-0b4464620b99d4ae3",
            "state": "active",
            "timeouts": null,
            "transit_gateway_id": "",
            "vpc_endpoint_id": "",
            "vpc_peering_connection_id": ""
          },
          "sensitive_attributes": [],
          "private": "eyJlMmJmYjczMC1lY2FhLTExZTYtOGY4OC0zNDM2M2JjN2M0YzAiOnsiY3JlYXRlIjozMDAwMDAwMDAwMDAsImRlbGV0ZSI6MzAwMDAwMDAwMDAwLCJ1cGRhdGUiOjEyMDAwMDAwMDAwMH19",
          "dependencies": [
            "module.vpc.aws_eip.this",
            "module.vpc.aws_nat_gateway.this",
            "module.vpc.aws_route_table.private"
          ]
        }
      ]
    },
    {
      "module": "module.vpc",
      "mode": "managed",
      "type": "aws_route_table",
      "name": "private",
      "provider": "provider[\"registry.terraform.io/hashicorp/aws\"]",
      "instances": [
        {
          "schema_version": 0,
          "attributes": {
            "arn": "arn:aws:ec2:ap-northeast-2:128215741576:route-table/rtb-0b4464620b99d4ae3",
            "id": "rtb-0b4464620b99d4ae3",
            "owner_id": "128215741576",
            "propagating_vgws": [],
            "route": [],
            "tags": {
              "Managed_by": "terraform",
              "Name": "user23-Private"
            },
            "tags_all": {
              "Managed_by": "terraform",
              "Name": "user23-Private"
            },
            "timeouts": null,
            "vpc_id": "vpc-0b3168f71e0d09bea"
          },
          "sensitive_attributes": [],
          "private": "eyJlMmJmYjczMC1lY2FhLTExZTYtOGY4OC0zNDM2M2JjN2M0YzAiOnsiY3JlYXRlIjozMDAwMDAwMDAwMDAsImRlbGV0ZSI6MzAwMDAwMDAwMDAwLCJ1cGRhdGUiOjEyMDAwMDAwMDAwMH19"
        }
      ]
    },
    {
      "module": "module.vpc",
      "mode": "managed",
      "type": "aws_route_table_association",
      "name": "private",
      "provider": "provider[\"registry.terraform.io/hashicorp/aws\"]",
      "instances": [
        {
          "index_key": 0,
          "schema_version": 0,
          "attributes": {
            "gateway_id": "",
            "id": "rtbassoc-0e7781c69a0782e89",
            "route_table_id": "rtb-0b4464620b99d4ae3",
            "subnet_id": "subnet-05bbccaec0637ab02"
          },
          "sensitive_attributes": [],
          "private": "bnVsbA==",
          "dependencies": [
            "module.vpc.aws_route_table.private",
            "module.vpc.aws_subnet.private"
          ]
        },
        {
          "index_key": 1,
          "schema_version": 0,
          "attributes": {
            "gateway_id": "",
            "id": "rtbassoc-03ec0a4bb07e961e6",
            "route_table_id": "rtb-0b4464620b99d4ae3",
            "subnet_id": "subnet-0f53beb783d3e2f19"
          },
          "sensitive_attributes": [],
          "private": "bnVsbA==",
          "dependencies": [
            "module.vpc.aws_route_table.private",
            "module.vpc.aws_subnet.private"
          ]
        }
      ]
    },
    {
      "module": "module.vpc",
      "mode": "managed",
      "type": "aws_security_group",
      "name": "k8s-worker",
      "provider": "provider[\"registry.terraform.io/hashicorp/aws\"]",
      "instances": [
        {
          "schema_version": 1,
          "attributes": {
            "arn": "arn:aws:ec2:ap-northeast-2:128215741576:security-group/sg-04887a6303c4d6bdc",
            "description": "Managed by Terraform",
            "egress": [
              {
                "cidr_blocks": [
                  "0.0.0.0/0"
                ],
                "description": "",
                "from_port": 0,
                "ipv6_cidr_blocks": [],
                "prefix_list_ids": [],
                "protocol": "-1",
                "security_groups": [],
                "self": false,
                "to_port": 0
              }
            ],
            "id": "sg-04887a6303c4d6bdc",
            "ingress": [],
            "name": "user23-K8S Worker-SG",
            "name_prefix": "",
            "owner_id": "128215741576",
            "revoke_rules_on_delete": false,
            "tags": {
              "Managed_by": "terraform",
              "Name": "user23-K8S Worker-SG"
            },
            "tags_all": {
              "Managed_by": "terraform",
              "Name": "user23-K8S Worker-SG"
            },
            "timeouts": null,
            "vpc_id": "vpc-0b3168f71e0d09bea"
          },
          "sensitive_attributes": [],
          "private": "eyJlMmJmYjczMC1lY2FhLTExZTYtOGY4OC0zNDM2M2JjN2M0YzAiOnsiY3JlYXRlIjo2MDAwMDAwMDAwMDAsImRlbGV0ZSI6OTAwMDAwMDAwMDAwfSwic2NoZW1hX3ZlcnNpb24iOiIxIn0="
        }
      ]
    },
    {
      "module": "module.vpc",
      "mode": "managed",
      "type": "aws_security_group_rule",
      "name": "SSH_access_ingress",
      "provider": "provider[\"registry.terraform.io/hashicorp/aws\"]",
      "instances": [
        {
          "schema_version": 2,
          "attributes": {
            "cidr_blocks": [
              "0.0.0.0/0"
            ],
            "description": "Allow SSH",
            "from_port": 22,
            "id": "sgrule-4158456247",
            "ipv6_cidr_blocks": null,
            "prefix_list_ids": null,
            "protocol": "tcp",
            "security_group_id": "sg-04887a6303c4d6bdc",
            "security_group_rule_id": "sgr-089525cc2278b21b2",
            "self": false,
            "source_security_group_id": null,
            "timeouts": null,
            "to_port": 22,
            "type": "ingress"
          },
          "sensitive_attributes": [],
          "private": "eyJlMmJmYjczMC1lY2FhLTExZTYtOGY4OC0zNDM2M2JjN2M0YzAiOnsiY3JlYXRlIjozMDAwMDAwMDAwMDB9LCJzY2hlbWFfdmVyc2lvbiI6IjIifQ==",
          "dependencies": [
            "module.vpc.aws_security_group.k8s-worker"
          ]
        }
      ]
    },
    {
      "module": "module.vpc",
      "mode": "managed",
      "type": "aws_security_group_rule",
      "name": "k8s_access_ingress",
      "provider": "provider[\"registry.terraform.io/hashicorp/aws\"]",
      "instances": [
        {
          "schema_version": 2,
          "attributes": {
            "cidr_blocks": null,
            "description": "Allow k8s master",
            "from_port": 0,
            "id": "sgrule-779664869",
            "ipv6_cidr_blocks": null,
            "prefix_list_ids": null,
            "protocol": "-1",
            "security_group_id": "sg-04887a6303c4d6bdc",
            "security_group_rule_id": "sgr-0b735fc48d5ced863",
            "self": false,
            "source_security_group_id": "sg-0201254ea03615df8",
            "timeouts": null,
            "to_port": 0,
            "type": "ingress"
          },
          "sensitive_attributes": [],
          "private": "eyJlMmJmYjczMC1lY2FhLTExZTYtOGY4OC0zNDM2M2JjN2M0YzAiOnsiY3JlYXRlIjozMDAwMDAwMDAwMDB9LCJzY2hlbWFfdmVyc2lvbiI6IjIifQ==",
          "dependencies": [
            "module.vpc.aws_security_group.k8s-worker"
          ]
        }
      ]
    },
    {
      "module": "module.vpc",
      "mode": "managed",
      "type": "aws_subnet",
      "name": "private",
      "provider": "provider[\"registry.terraform.io/hashicorp/aws\"]",
      "instances": [
        {
          "index_key": 0,
          "schema_version": 1,
          "attributes": {
            "arn": "arn:aws:ec2:ap-northeast-2:128215741576:subnet/subnet-05bbccaec0637ab02",
            "assign_ipv6_address_on_creation": false,
            "availability_zone": "ap-northeast-2b",
            "availability_zone_id": "apne2-az2",
            "cidr_block": "10.23.2.0/24",
            "customer_owned_ipv4_pool": "",
            "enable_dns64": false,
            "enable_resource_name_dns_a_record_on_launch": false,
            "enable_resource_name_dns_aaaa_record_on_launch": false,
            "id": "subnet-05bbccaec0637ab02",
            "ipv6_cidr_block": "",
            "ipv6_cidr_block_association_id": "",
            "ipv6_native": false,
            "map_customer_owned_ip_on_launch": false,
            "map_public_ip_on_launch": false,
            "outpost_arn": "",
            "owner_id": "128215741576",
            "private_dns_hostname_type_on_launch": "ip-name",
            "tags": {
              "Managed_by": "terraform",
              "Name": "user23-Private Subnet 0"
            },
            "tags_all": {
              "Managed_by": "terraform",
              "Name": "user23-Private Subnet 0"
            },
            "timeouts": null,
            "vpc_id": "vpc-0b3168f71e0d09bea"
          },
          "sensitive_attributes": [],
          "private": "eyJlMmJmYjczMC1lY2FhLTExZTYtOGY4OC0zNDM2M2JjN2M0YzAiOnsiY3JlYXRlIjo2MDAwMDAwMDAwMDAsImRlbGV0ZSI6MTIwMDAwMDAwMDAwMH0sInNjaGVtYV92ZXJzaW9uIjoiMSJ9"
        },
        {
          "index_key": 1,
          "schema_version": 1,
          "attributes": {
            "arn": "arn:aws:ec2:ap-northeast-2:128215741576:subnet/subnet-0f53beb783d3e2f19",
            "assign_ipv6_address_on_creation": false,
            "availability_zone": "ap-northeast-2c",
            "availability_zone_id": "apne2-az3",
            "cidr_block": "10.23.3.0/24",
            "customer_owned_ipv4_pool": "",
            "enable_dns64": false,
            "enable_resource_name_dns_a_record_on_launch": false,
            "enable_resource_name_dns_aaaa_record_on_launch": false,
            "id": "subnet-0f53beb783d3e2f19",
            "ipv6_cidr_block": "",
            "ipv6_cidr_block_association_id": "",
            "ipv6_native": false,
            "map_customer_owned_ip_on_launch": false,
            "map_public_ip_on_launch": false,
            "outpost_arn": "",
            "owner_id": "128215741576",
            "private_dns_hostname_type_on_launch": "ip-name",
            "tags": {
              "Managed_by": "terraform",
              "Name": "user23-Private Subnet 1"
            },
            "tags_all": {
              "Managed_by": "terraform",
              "Name": "user23-Private Subnet 1"
            },
            "timeouts": null,
            "vpc_id": "vpc-0b3168f71e0d09bea"
          },
          "sensitive_attributes": [],
          "private": "eyJlMmJmYjczMC1lY2FhLTExZTYtOGY4OC0zNDM2M2JjN2M0YzAiOnsiY3JlYXRlIjo2MDAwMDAwMDAwMDAsImRlbGV0ZSI6MTIwMDAwMDAwMDAwMH0sInNjaGVtYV92ZXJzaW9uIjoiMSJ9"
        }
      ]
    }
  ],
  "check_results": null
}
